
Microsoft Visual Studio Solution File, Format Version 12.00
# Visual Studio 2015
Project("{FAE04EC0-301F-11D3-BF4B-00C04F79EFBC}") = "TAC.CSharp", "TAC.CSharp.csproj", "{1CB8C1A6-A6A5-DF83-66EC-DA8FB3A36094}"
EndProject
Project("{FAE04EC0-301F-11D3-BF4B-00C04F79EFBC}") = "TAC.CSharp.Editor", "TAC.CSharp.Editor.csproj", "{B1F5797D-B74D-0F25-35FE-51FAA532E8E4}"
EndProject
Global
	GlobalSection(SolutionConfigurationPlatforms) = preSolution
		Debug|Any CPU = Debug|Any CPU
		Release|Any CPU = Release|Any CPU
	EndGlobalSection
	GlobalSection(ProjectConfigurationPlatforms) = postSolution
		{1CB8C1A6-A6A5-DF83-66EC-DA8FB3A36094}.Debug|Any CPU.ActiveCfg = Debug|Any CPU
		{1CB8C1A6-A6A5-DF83-66EC-DA8FB3A36094}.Debug|Any CPU.Build.0 = Debug|Any CPU
		{1CB8C1A6-A6A5-DF83-66EC-DA8FB3A36094}.Release|Any CPU.ActiveCfg = Release|Any CPU
		{1CB8C1A6-A6A5-DF83-66EC-DA8FB3A36094}.Release|Any CPU.Build.0 = Release|Any CPU
		{B1F5797D-B74D-0F25-35FE-51FAA532E8E4}.Debug|Any CPU.ActiveCfg = Debug|Any CPU
		{B1F5797D-B74D-0F25-35FE-51FAA532E8E4}.Debug|Any CPU.Build.0 = Debug|Any CPU
		{B1F5797D-B74D-0F25-35FE-51FAA532E8E4}.Release|Any CPU.ActiveCfg = Release|Any CPU
		{B1F5797D-B74D-0F25-35FE-51FAA532E8E4}.Release|Any CPU.Build.0 = Release|Any CPU
	EndGlobalSection
	GlobalSection(SolutionProperties) = preSolution
		HideSolutionNode = FALSE
	EndGlobalSection
EndGlobal
